
Microsoft Visual Studio Solution File, Format Version 12.00
# Visual Studio Version 16
VisualStudioVersion = 16.0.30330.147
MinimumVisualStudioVersion = 10.0.40219.1
Project("{9A19103F-16F7-4668-BE54-9A1E7A4F7556}") = "NewsLetterApi", "NewsLetter\NewsLetterApi.csproj", "{C1B56A0D-B1F2-4DCB-9D96-A670A992CA4C}"
EndProject
Project("{2150E333-8FDC-42A3-9474-1A3956D46DE8}") = "10 Infrastructure", "10 Infrastructure", "{36620E23-99F1-460D-A8C6-92A00248C702}"
EndProject
Project("{2150E333-8FDC-42A3-9474-1A3956D46DE8}") = "40 Domain Services (Interfacer)", "40 Domain Services (Interfacer)", "{209D30C8-B49B-4876-8516-DFC2745B3F0E}"
EndProject
Project("{9A19103F-16F7-4668-BE54-9A1E7A4F7556}") = "DomainServices.Core", "NewsLetterX.Core\DomainServices.Core.csproj", "{F64F01BC-807E-434E-AFB5-8F9F5DC16B76}"
EndProject
Project("{2150E333-8FDC-42A3-9474-1A3956D46DE8}") = "50 Domain model", "50 Domain model", "{234D01E4-9644-437C-A08F-A62A7CF1FBEA}"
EndProject
Project("{2150E333-8FDC-42A3-9474-1A3956D46DE8}") = "30 Application Services", "30 Application Services", "{7D9716BB-E8C2-460D-9148-234F5F1903E4}"
EndProject
Project("{9A19103F-16F7-4668-BE54-9A1E7A4F7556}") = "ApplicationServices.Core", "ApplicationServices.Core\ApplicationServices.Core.csproj", "{0899048A-0504-4D7B-B7CF-B78600BF05EC}"
EndProject
Project("{9A19103F-16F7-4668-BE54-9A1E7A4F7556}") = "DomainModel.Core", "DomainModel.Core\DomainModel.Core.csproj", "{CD2BA68C-57B9-40FB-853A-E2C2E26C7D7D}"
EndProject
Project("{2150E333-8FDC-42A3-9474-1A3956D46DE8}") = "90 UnitTest", "90 UnitTest", "{32A3A4FE-2B22-466E-AD67-C37BAF13954E}"
EndProject
Project("{9A19103F-16F7-4668-BE54-9A1E7A4F7556}") = "LayerTests", "LayerTests\LayerTests.csproj", "{0E0D4BA7-EF0C-45CA-8DD4-24B20FF617A8}"
EndProject
Project("{2150E333-8FDC-42A3-9474-1A3956D46DE8}") = "15 Database.Infrastructure", "15 Database.Infrastructure", "{8A170E61-CBEE-4A86-BDCE-DBA2190ABDE1}"
EndProject
Project("{9A19103F-16F7-4668-BE54-9A1E7A4F7556}") = "daInfrastructure", "daInfrastructure\daInfrastructure.csproj", "{F3FD9724-05ED-4D80-9447-862CAD6168D7}"
EndProject
Global
	GlobalSection(SolutionConfigurationPlatforms) = preSolution
		Debug|Any CPU = Debug|Any CPU
		Release|Any CPU = Release|Any CPU
	EndGlobalSection
	GlobalSection(ProjectConfigurationPlatforms) = postSolution
		{C1B56A0D-B1F2-4DCB-9D96-A670A992CA4C}.Debug|Any CPU.ActiveCfg = Debug|Any CPU
		{C1B56A0D-B1F2-4DCB-9D96-A670A992CA4C}.Debug|Any CPU.Build.0 = Debug|Any CPU
		{C1B56A0D-B1F2-4DCB-9D96-A670A992CA4C}.Release|Any CPU.ActiveCfg = Release|Any CPU
		{C1B56A0D-B1F2-4DCB-9D96-A670A992CA4C}.Release|Any CPU.Build.0 = Release|Any CPU
		{F64F01BC-807E-434E-AFB5-8F9F5DC16B76}.Debug|Any CPU.ActiveCfg = Debug|Any CPU
		{F64F01BC-807E-434E-AFB5-8F9F5DC16B76}.Debug|Any CPU.Build.0 = Debug|Any CPU
		{F64F01BC-807E-434E-AFB5-8F9F5DC16B76}.Release|Any CPU.ActiveCfg = Release|Any CPU
		{F64F01BC-807E-434E-AFB5-8F9F5DC16B76}.Release|Any CPU.Build.0 = Release|Any CPU
		{0899048A-0504-4D7B-B7CF-B78600BF05EC}.Debug|Any CPU.ActiveCfg = Debug|Any CPU
		{0899048A-0504-4D7B-B7CF-B78600BF05EC}.Debug|Any CPU.Build.0 = Debug|Any CPU
		{0899048A-0504-4D7B-B7CF-B78600BF05EC}.Release|Any CPU.ActiveCfg = Release|Any CPU
		{0899048A-0504-4D7B-B7CF-B78600BF05EC}.Release|Any CPU.Build.0 = Release|Any CPU
		{CD2BA68C-57B9-40FB-853A-E2C2E26C7D7D}.Debug|Any CPU.ActiveCfg = Debug|Any CPU
		{CD2BA68C-57B9-40FB-853A-E2C2E26C7D7D}.Debug|Any CPU.Build.0 = Debug|Any CPU
		{CD2BA68C-57B9-40FB-853A-E2C2E26C7D7D}.Release|Any CPU.ActiveCfg = Release|Any CPU
		{CD2BA68C-57B9-40FB-853A-E2C2E26C7D7D}.Release|Any CPU.Build.0 = Release|Any CPU
		{0E0D4BA7-EF0C-45CA-8DD4-24B20FF617A8}.Debug|Any CPU.ActiveCfg = Debug|Any CPU
		{0E0D4BA7-EF0C-45CA-8DD4-24B20FF617A8}.Debug|Any CPU.Build.0 = Debug|Any CPU
		{0E0D4BA7-EF0C-45CA-8DD4-24B20FF617A8}.Release|Any CPU.ActiveCfg = Release|Any CPU
		{0E0D4BA7-EF0C-45CA-8DD4-24B20FF617A8}.Release|Any CPU.Build.0 = Release|Any CPU
		{F3FD9724-05ED-4D80-9447-862CAD6168D7}.Debug|Any CPU.ActiveCfg = Debug|Any CPU
		{F3FD9724-05ED-4D80-9447-862CAD6168D7}.Debug|Any CPU.Build.0 = Debug|Any CPU
		{F3FD9724-05ED-4D80-9447-862CAD6168D7}.Release|Any CPU.ActiveCfg = Release|Any CPU
		{F3FD9724-05ED-4D80-9447-862CAD6168D7}.Release|Any CPU.Build.0 = Release|Any CPU
	EndGlobalSection
	GlobalSection(SolutionProperties) = preSolution
		HideSolutionNode = FALSE
	EndGlobalSection
	GlobalSection(NestedProjects) = preSolution
		{C1B56A0D-B1F2-4DCB-9D96-A670A992CA4C} = {36620E23-99F1-460D-A8C6-92A00248C702}
		{F64F01BC-807E-434E-AFB5-8F9F5DC16B76} = {209D30C8-B49B-4876-8516-DFC2745B3F0E}
		{0899048A-0504-4D7B-B7CF-B78600BF05EC} = {7D9716BB-E8C2-460D-9148-234F5F1903E4}
		{CD2BA68C-57B9-40FB-853A-E2C2E26C7D7D} = {234D01E4-9644-437C-A08F-A62A7CF1FBEA}
		{0E0D4BA7-EF0C-45CA-8DD4-24B20FF617A8} = {32A3A4FE-2B22-466E-AD67-C37BAF13954E}
		{F3FD9724-05ED-4D80-9447-862CAD6168D7} = {8A170E61-CBEE-4A86-BDCE-DBA2190ABDE1}
	EndGlobalSection
	GlobalSection(ExtensibilityGlobals) = postSolution
		SolutionGuid = {8AA96B03-9CDC-40DD-97F3-03457FB88D13}
	EndGlobalSection
EndGlobal
